// !$*UTF8*$!
{
	archiveVersion = 1;
	classes = {
	};
	objectVersion = 50;
	objects = {

/* Begin PBXBuildFile section */
		D453DF0E22349A2F006C9587 /* AppDelegate.swift in Sources */ = {isa = PBXBuildFile; fileRef = D453DF0D22349A2F006C9587 /* AppDelegate.swift */; };
		D453DF1022349A31006C9587 /* Assets.xcassets in Resources */ = {isa = PBXBuildFile; fileRef = D453DF0F22349A31006C9587 /* Assets.xcassets */; };
		D453DF1322349A31006C9587 /* MainMenu.xib in Resources */ = {isa = PBXBuildFile; fileRef = D453DF1122349A31006C9587 /* MainMenu.xib */; };
		D453DF1C22349EC7006C9587 /* StatusMenuController.swift in Sources */ = {isa = PBXBuildFile; fileRef = D453DF1B22349EC7006C9587 /* StatusMenuController.swift */; };
		D496D42E2234B662005EE248 /* Prefrences.xib in Resources */ = {isa = PBXBuildFile; fileRef = D496D42D2234B662005EE248 /* Prefrences.xib */; };
		D4EA04002234C57000D3636D /* JBTimer.swift in Sources */ = {isa = PBXBuildFile; fileRef = D4EA03FF2234C57000D3636D /* JBTimer.swift */; };
		D4FCE9F52234A4C1007E9A7F /* TimerView.swift in Sources */ = {isa = PBXBuildFile; fileRef = D4FCE9F42234A4C1007E9A7F /* TimerView.swift */; };
		D4FCE9F72234A5F7007E9A7F /* TimerCell.swift in Sources */ = {isa = PBXBuildFile; fileRef = D4FCE9F62234A5F7007E9A7F /* TimerCell.swift */; };
/* End PBXBuildFile section */

/* Begin PBXFileReference section */
		D453DF0A22349A2F006C9587 /* Title Timer.app */ = {isa = PBXFileReference; explicitFileType = wrapper.application; includeInIndex = 0; path = "Title Timer.app"; sourceTree = BUILT_PRODUCTS_DIR; };
		D453DF0D22349A2F006C9587 /* AppDelegate.swift */ = {isa = PBXFileReference; lastKnownFileType = sourcecode.swift; path = AppDelegate.swift; sourceTree = "<group>"; };
		D453DF0F22349A31006C9587 /* Assets.xcassets */ = {isa = PBXFileReference; lastKnownFileType = folder.assetcatalog; path = Assets.xcassets; sourceTree = "<group>"; };
		D453DF1222349A31006C9587 /* Base */ = {isa = PBXFileReference; lastKnownFileType = file.xib; name = Base; path = Base.lproj/MainMenu.xib; sourceTree = "<group>"; };
		D453DF1422349A31006C9587 /* Info.plist */ = {isa = PBXFileReference; lastKnownFileType = text.plist.xml; path = Info.plist; sourceTree = "<group>"; };
		D453DF1522349A31006C9587 /* Title_Timer.entitlements */ = {isa = PBXFileReference; lastKnownFileType = text.plist.entitlements; path = Title_Timer.entitlements; sourceTree = "<group>"; };
		D453DF1B22349EC7006C9587 /* StatusMenuController.swift */ = {isa = PBXFileReference; lastKnownFileType = sourcecode.swift; path = StatusMenuController.swift; sourceTree = "<group>"; };
		D496D42D2234B662005EE248 /* Prefrences.xib */ = {isa = PBXFileReference; lastKnownFileType = file.xib; path = Prefrences.xib; sourceTree = "<group>"; };
		D4EA03FF2234C57000D3636D /* JBTimer.swift */ = {isa = PBXFileReference; fileEncoding = 4; lastKnownFileType = sourcecode.swift; path = JBTimer.swift; sourceTree = "<group>"; };
		D4FCE9F42234A4C1007E9A7F /* TimerView.swift */ = {isa = PBXFileReference; lastKnownFileType = sourcecode.swift; path = TimerView.swift; sourceTree = "<group>"; };
		D4FCE9F62234A5F7007E9A7F /* TimerCell.swift */ = {isa = PBXFileReference; lastKnownFileType = sourcecode.swift; path = TimerCell.swift; sourceTree = "<group>"; };
/* End PBXFileReference section */

/* Begin PBXFrameworksBuildPhase section */
		D453DF0722349A2F006C9587 /* Frameworks */ = {
			isa = PBXFrameworksBuildPhase;
			buildActionMask = 2147483647;
			files = (
			);
			runOnlyForDeploymentPostprocessing = 0;
		};
/* End PBXFrameworksBuildPhase section */

/* Begin PBXGroup section */
		D453DF0122349A2F006C9587 = {
			isa = PBXGroup;
			children = (
				D453DF1B22349EC7006C9587 /* StatusMenuController.swift */,
				D4FCE9F42234A4C1007E9A7F /* TimerView.swift */,
				D4EA03FF2234C57000D3636D /* JBTimer.swift */,
				D4FCE9F62234A5F7007E9A7F /* TimerCell.swift */,
				D496D42D2234B662005EE248 /* Prefrences.xib */,
				D453DF0C22349A2F006C9587 /* Title Timer */,
				D453DF0B22349A2F006C9587 /* Products */,
			);
			sourceTree = "<group>";
		};
		D453DF0B22349A2F006C9587 /* Products */ = {
			isa = PBXGroup;
			children = (
				D453DF0A22349A2F006C9587 /* Title Timer.app */,
			);
			name = Products;
			sourceTree = "<group>";
		};
		D453DF0C22349A2F006C9587 /* Title Timer */ = {
			isa = PBXGroup;
			children = (
				D453DF0D22349A2F006C9587 /* AppDelegate.swift */,
				D453DF0F22349A31006C9587 /* Assets.xcassets */,
				D453DF1122349A31006C9587 /* MainMenu.xib */,
				D453DF1422349A31006C9587 /* Info.plist */,
				D453DF1522349A31006C9587 /* Title_Timer.entitlements */,
			);
			path = "Title Timer";
			sourceTree = "<group>";
		};
/* End PBXGroup section */

/* Begin PBXNativeTarget section */
		D453DF0922349A2F006C9587 /* Title Timer */ = {
			isa = PBXNativeTarget;
			buildConfigurationList = D453DF1822349A31006C9587 /* Build configuration list for PBXNativeTarget "Title Timer" */;
			buildPhases = (
				D453DF0622349A2F006C9587 /* Sources */,
				D453DF0722349A2F006C9587 /* Frameworks */,
				D453DF0822349A2F006C9587 /* Resources */,
			);
			buildRules = (
			);
			dependencies = (
			);
			name = "Title Timer";
			productName = "Title Timer";
			productReference = D453DF0A22349A2F006C9587 /* Title Timer.app */;
			productType = "com.apple.product-type.application";
		};
/* End PBXNativeTarget section */

/* Begin PBXProject section */
		D453DF0222349A2F006C9587 /* Project object */ = {
			isa = PBXProject;
			attributes = {
				LastSwiftUpdateCheck = 1010;
				LastUpgradeCheck = 1010;
				ORGANIZATIONNAME = "John Garrett";
				TargetAttributes = {
					D453DF0922349A2F006C9587 = {
						CreatedOnToolsVersion = 10.1;
					};
				};
			};
			buildConfigurationList = D453DF0522349A2F006C9587 /* Build configuration list for PBXProject "Title Timer" */;
			compatibilityVersion = "Xcode 9.3";
			developmentRegion = en;
			hasScannedForEncodings = 0;
			knownRegions = (
				en,
				Base,
			);
			mainGroup = D453DF0122349A2F006C9587;
			productRefGroup = D453DF0B22349A2F006C9587 /* Products */;
			projectDirPath = "";
			projectRoot = "";
			targets = (
				D453DF0922349A2F006C9587 /* Title Timer */,
			);
		};
/* End PBXProject section */

/* Begin PBXResourcesBuildPhase section */
		D453DF0822349A2F006C9587 /* Resources */ = {
			isa = PBXResourcesBuildPhase;
			buildActionMask = 2147483647;
			files = (
				D453DF1022349A31006C9587 /* Assets.xcassets in Resources */,
				D496D42E2234B662005EE248 /* Prefrences.xib in Resources */,
				D453DF1322349A31006C9587 /* MainMenu.xib in Resources */,
			);
			runOnlyForDeploymentPostprocessing = 0;
		};
/* End PBXResourcesBuildPhase section */

/* Begin PBXSourcesBuildPhase section */
		D453DF0622349A2F006C9587 /* Sources */ = {
			isa = PBXSourcesBuildPhase;
			buildActionMask = 2147483647;
			files = (
				D4EA04002234C57000D3636D /* JBTimer.swift in Sources */,
				D4FCE9F52234A4C1007E9A7F /* TimerView.swift in Sources */,
				D453DF1C22349EC7006C9587 /* StatusMenuController.swift in Sources */,
				D453DF0E22349A2F006C9587 /* AppDelegate.swift in Sources */,
				D4FCE9F72234A5F7007E9A7F /* TimerCell.swift in Sources */,
			);
			runOnlyForDeploymentPostprocessing = 0;
		};
/* End PBXSourcesBuildPhase section */

/* Begin PBXVariantGroup section */
		D453DF1122349A31006C9587 /* MainMenu.xib */ = {
			isa = PBXVariantGroup;
			children = (
				D453DF1222349A31006C9587 /* Base */,
			);
			name = MainMenu.xib;
			sourceTree = "<group>";
		};
/* End PBXVariantGroup section */

/* Begin XCBuildConfiguration section */
		D453DF1622349A31006C9587 /* Debug */ = {
			isa = XCBuildConfiguration;
			buildSettings = {
				ALWAYS_SEARCH_USER_PATHS = NO;
				CLANG_ANALYZER_NONNULL = YES;
				CLANG_ANALYZER_NUMBER_OBJECT_CONVERSION = YES_AGGRESSIVE;
				CLANG_CXX_LANGUAGE_STANDARD = "gnu++14";
				CLANG_CXX_LIBRARY = "libc++";
				CLANG_ENABLE_MODULES = YES;
				CLANG_ENABLE_OBJC_ARC = YES;
				CLANG_ENABLE_OBJC_WEAK = YES;
				CLANG_WARN_BLOCK_CAPTURE_AUTORELEASING = YES;
				CLANG_WARN_BOOL_CONVERSION = YES;
				CLANG_WARN_COMMA = YES;
				CLANG_WARN_CONSTANT_CONVERSION = YES;
				CLANG_WARN_DEPRECATED_OBJC_IMPLEMENTATIONS = YES;
				CLANG_WARN_DIRECT_OBJC_ISA_USAGE = YES_ERROR;
				CLANG_WARN_DOCUMENTATION_COMMENTS = YES;
				CLANG_WARN_EMPTY_BODY = YES;
				CLANG_WARN_ENUM_CONVERSION = YES;
				CLANG_WARN_INFINITE_RECURSION = YES;
				CLANG_WARN_INT_CONVERSION = YES;
				CLANG_WARN_NON_LITERAL_NULL_CONVERSION = YES;
				CLANG_WARN_OBJC_IMPLICIT_RETAIN_SELF = YES;
				CLANG_WARN_OBJC_LITERAL_CONVERSION = YES;
				CLANG_WARN_OBJC_ROOT_CLASS = YES_ERROR;
				CLANG_WARN_RANGE_LOOP_ANALYSIS = YES;
				CLANG_WARN_STRICT_PROTOTYPES = YES;
				CLANG_WARN_SUSPICIOUS_MOVE = YES;
				CLANG_WARN_UNGUARDED_AVAILABILITY = YES_AGGRESSIVE;
				CLANG_WARN_UNREACHABLE_CODE = YES;
				CLANG_WARN__DUPLICATE_METHOD_MATCH = YES;
				CODE_SIGN_IDENTITY = "Mac Developer";
				COPY_PHASE_STRIP = NO;
				DEBUG_INFORMATION_FORMAT = dwarf;
				ENABLE_STRICT_OBJC_MSGSEND = YES;
				ENABLE_TESTABILITY = YES;
				GCC_C_LANGUAGE_STANDARD = gnu11;
				GCC_DYNAMIC_NO_PIC = NO;
				GCC_NO_COMMON_BLOCKS = YES;
				GCC_OPTIMIZATION_LEVEL = 0;
				GCC_PREPROCESSOR_DEFINITIONS = (
					"DEBUG=1",
					"$(inherited)",
				);
				GCC_WARN_64_TO_32_BIT_CONVERSION = YES;
				GCC_WARN_ABOUT_RETURN_TYPE = YES_ERROR;
				GCC_WARN_UNDECLARED_SELECTOR = YES;
				GCC_WARN_UNINITIALIZED_AUTOS = YES_AGGRESSIVE;
				GCC_WARN_UNUSED_FUNCTION = YES;
				GCC_WARN_UNUSED_VARIABLE = YES;
				MACOSX_DEPLOYMENT_TARGET = 10.14;
				MTL_ENABLE_DEBUG_INFO = INCLUDE_SOURCE;
				MTL_FAST_MATH = YES;
				ONLY_ACTIVE_ARCH = YES;
				SDKROOT = macosx;
				SWIFT_ACTIVE_COMPILATION_CONDITIONS = DEBUG;
				SWIFT_OPTIMIZATION_LEVEL = "-Onone";
			};
			name = Debug;
		};
		D453DF1722349A31006C9587 /* Release */ = {
			isa = XCBuildConfiguration;
			buildSettings = {
				ALWAYS_SEARCH_USER_PATHS = NO;
				CLANG_ANALYZER_NONNULL = YES;
				CLANG_ANALYZER_NUMBER_OBJECT_CONVERSION = YES_AGGRESSIVE;
				CLANG_CXX_LANGUAGE_STANDARD = "gnu++14";
				CLANG_CXX_LIBRARY = "libc++";
				CLANG_ENABLE_MODULES = YES;
				CLANG_ENABLE_OBJC_ARC = YES;
				CLANG_ENABLE_OBJC_WEAK = YES;
				CLANG_WARN_BLOCK_CAPTURE_AUTORELEASING = YES;
				CLANG_WARN_BOOL_CONVERSION = YES;
				CLANG_WARN_COMMA = YES;
				CLANG_WARN_CONSTANT_CONVERSION = YES;
				CLANG_WARN_DEPRECATED_OBJC_IMPLEMENTATIONS = YES;
				CLANG_WARN_DIRECT_OBJC_ISA_USAGE = YES_ERROR;
				CLANG_WARN_DOCUMENTATION_COMMENTS = YES;
				CLANG_WARN_EMPTY_BODY = YES;
				CLANG_WARN_ENUM_CONVERSION = YES;
				CLANG_WARN_INFINITE_RECURSION = YES;
				CLANG_WARN_INT_CONVERSION = YES;
				CLANG_WARN_NON_LITERAL_NULL_CONVERSION = YES;
				CLANG_WARN_OBJC_IMPLICIT_RETAIN_SELF = YES;
				CLANG_WARN_OBJC_LITERAL_CONVERSION = YES;
				CLANG_WARN_OBJC_ROOT_CLASS = YES_ERROR;
				CLANG_WARN_RANGE_LOOP_ANALYSIS = YES;
				CLANG_WARN_STRICT_PROTOTYPES = YES;
				CLANG_WARN_SUSPICIOUS_MOVE = YES;
				CLANG_WARN_UNGUARDED_AVAILABILITY = YES_AGGRESSIVE;
				CLANG_WARN_UNREACHABLE_CODE = YES;
				CLANG_WARN__DUPLICATE_METHOD_MATCH = YES;
				CODE_SIGN_IDENTITY = "Mac Developer";
				COPY_PHASE_STRIP = NO;
				DEBUG_INFORMATION_FORMAT = "dwarf-with-dsym";
				ENABLE_NS_ASSERTIONS = NO;
				ENABLE_STRICT_OBJC_MSGSEND = YES;
				GCC_C_LANGUAGE_STANDARD = gnu11;
				GCC_NO_COMMON_BLOCKS = YES;
				GCC_WARN_64_TO_32_BIT_CONVERSION = YES;
				GCC_WARN_ABOUT_RETURN_TYPE = YES_ERROR;
				GCC_WARN_UNDECLARED_SELECTOR = YES;
				GCC_WARN_UNINITIALIZED_AUTOS = YES_AGGRESSIVE;
				GCC_WARN_UNUSED_FUNCTION = YES;
				GCC_WARN_UNUSED_VARIABLE = YES;
				MACOSX_DEPLOYMENT_TARGET = 10.14;
				MTL_ENABLE_DEBUG_INFO = NO;
				MTL_FAST_MATH = YES;
				SDKROOT = macosx;
				SWIFT_COMPILATION_MODE = wholemodule;
				SWIFT_OPTIMIZATION_LEVEL = "-O";
			};
			name = Release;
		};
		D453DF1922349A31006C9587 /* Debug */ = {
			isa = XCBuildConfiguration;
			buildSettings = {
				ASSETCATALOG_COMPILER_APPICON_NAME = AppIcon;
				CODE_SIGN_ENTITLEMENTS = "Title Timer/Title_Timer.entitlements";
				CODE_SIGN_STYLE = Automatic;
				COMBINE_HIDPI_IMAGES = YES;
				DEVELOPMENT_TEAM = F65W3J85C2;
				INFOPLIST_FILE = "Title Timer/Info.plist";
				LD_RUNPATH_SEARCH_PATHS = (
					"$(inherited)",
					"@executable_path/../Frameworks",
				);
				MACOSX_DEPLOYMENT_TARGET = 10.10;
				PRODUCT_BUNDLE_IDENTIFIER = "johnPersonal.Title-Timer";
				PRODUCT_NAME = "$(TARGET_NAME)";
				SWIFT_VERSION = 4.2;
			};
			name = Debug;
		};
		D453DF1A22349A31006C9587 /* Release */ = {
			isa = XCBuildConfiguration;
			buildSettings = {
				ASSETCATALOG_COMPILER_APPICON_NAME = AppIcon;
				CODE_SIGN_ENTITLEMENTS = "Title Timer/Title_Timer.entitlements";
				CODE_SIGN_STYLE = Automatic;
				COMBINE_HIDPI_IMAGES = YES;
				DEVELOPMENT_TEAM = F65W3J85C2;
				INFOPLIST_FILE = "Title Timer/Info.plist";
				LD_RUNPATH_SEARCH_PATHS = (
					"$(inherited)",
					"@executable_path/../Frameworks",
				);
				MACOSX_DEPLOYMENT_TARGET = 10.10;
				PRODUCT_BUNDLE_IDENTIFIER = "johnPersonal.Title-Timer";
				PRODUCT_NAME = "$(TARGET_NAME)";
				SWIFT_VERSION = 4.2;
			};
			name = Release;
		};
/* End XCBuildConfiguration section */

/* Begin XCConfigurationList section */
		D453DF0522349A2F006C9587 /* Build configuration list for PBXProject "Title Timer" */ = {
			isa = XCConfigurationList;
			buildConfigurations = (
				D453DF1622349A31006C9587 /* Debug */,
				D453DF1722349A31006C9587 /* Release */,
			);
			defaultConfigurationIsVisible = 0;
			defaultConfigurationName = Release;
		};
		D453DF1822349A31006C9587 /* Build configuration list for PBXNativeTarget "Title Timer" */ = {
			isa = XCConfigurationList;
			buildConfigurations = (
				D453DF1922349A31006C9587 /* Debug */,
				D453DF1A22349A31006C9587 /* Release */,
			);
			defaultConfigurationIsVisible = 0;
			defaultConfigurationName = Release;
		};
/* End XCConfigurationList section */
	};
	rootObject = D453DF0222349A2F006C9587 /* Project object */;
}
